
Microsoft Visual Studio Solution File, Format Version 12.00
# Visual Studio Version 17
VisualStudioVersion = 17.3.32901.215
MinimumVisualStudioVersion = 10.0.40219.1
Project("{FAE04EC0-301F-11D3-BF4B-00C04F79EFBC}") = "Scavenger Hunt", "Scavenger Hunt\Scavenger Hunt.csproj", "{B4F32C87-24DF-4C04-95AE-549E65DF89A5}"
EndProject
Global
	GlobalSection(SolutionConfigurationPlatforms) = preSolution
		Debug|Any CPU = Debug|Any CPU
		Release|Any CPU = Release|Any CPU
	EndGlobalSection
	GlobalSection(ProjectConfigurationPlatforms) = postSolution
		{B4F32C87-24DF-4C04-95AE-549E65DF89A5}.Debug|Any CPU.ActiveCfg = Debug|Any CPU
		{B4F32C87-24DF-4C04-95AE-549E65DF89A5}.Debug|Any CPU.Build.0 = Debug|Any CPU
		{B4F32C87-24DF-4C04-95AE-549E65DF89A5}.Release|Any CPU.ActiveCfg = Release|Any CPU
		{B4F32C87-24DF-4C04-95AE-549E65DF89A5}.Release|Any CPU.Build.0 = Release|Any CPU
	EndGlobalSection
	GlobalSection(SolutionProperties) = preSolution
		HideSolutionNode = FALSE
	EndGlobalSection
	GlobalSection(ExtensibilityGlobals) = postSolution
		SolutionGuid = {D9440EED-66B3-4321-BAAF-397F744C646D}
	EndGlobalSection
EndGlobal
